// !$*UTF8*$!
{
	archiveVersion = 1;
	classes = {
	};
	objectVersion = 50;
	objects = {

/* Begin PBXBuildFile section */
		5C08121321E8B4FF00D64C12 /* AppDelegate.swift in Sources */ = {isa = PBXBuildFile; fileRef = 5C08121221E8B4FF00D64C12 /* AppDelegate.swift */; };
		5C08121521E8B4FF00D64C12 /* ViewController.swift in Sources */ = {isa = PBXBuildFile; fileRef = 5C08121421E8B4FF00D64C12 /* ViewController.swift */; };
		5C08121821E8B4FF00D64C12 /* Main.storyboard in Resources */ = {isa = PBXBuildFile; fileRef = 5C08121621E8B4FF00D64C12 /* Main.storyboard */; };
		5C08121A21E8B50300D64C12 /* Assets.xcassets in Resources */ = {isa = PBXBuildFile; fileRef = 5C08121921E8B50300D64C12 /* Assets.xcassets */; };
		5C08121D21E8B50300D64C12 /* LaunchScreen.storyboard in Resources */ = {isa = PBXBuildFile; fileRef = 5C08121B21E8B50300D64C12 /* LaunchScreen.storyboard */; };
		5C08122821E8B50300D64C12 /* GitResetHardTestTests.swift in Sources */ = {isa = PBXBuildFile; fileRef = 5C08122721E8B50300D64C12 /* GitResetHardTestTests.swift */; };
		5C08123321E8B50300D64C12 /* GitResetHardTestUITests.swift in Sources */ = {isa = PBXBuildFile; fileRef = 5C08123221E8B50300D64C12 /* GitResetHardTestUITests.swift */; };
/* End PBXBuildFile section */

/* Begin PBXContainerItemProxy section */
		5C08122421E8B50300D64C12 /* PBXContainerItemProxy */ = {
			isa = PBXContainerItemProxy;
			containerPortal = 5C08120721E8B4FF00D64C12 /* Project object */;
			proxyType = 1;
			remoteGlobalIDString = 5C08120E21E8B4FF00D64C12;
			remoteInfo = GitResetHardTest;
		};
		5C08122F21E8B50300D64C12 /* PBXContainerItemProxy */ = {
			isa = PBXContainerItemProxy;
			containerPortal = 5C08120721E8B4FF00D64C12 /* Project object */;
			proxyType = 1;
			remoteGlobalIDString = 5C08120E21E8B4FF00D64C12;
			remoteInfo = GitResetHardTest;
		};
/* End PBXContainerItemProxy section */

/* Begin PBXFileReference section */
		5C08120F21E8B4FF00D64C12 /* GitResetHardTest.app */ = {isa = PBXFileReference; explicitFileType = wrapper.application; includeInIndex = 0; path = GitResetHardTest.app; sourceTree = BUILT_PRODUCTS_DIR; };
		5C08121221E8B4FF00D64C12 /* AppDelegate.swift */ = {isa = PBXFileReference; lastKnownFileType = sourcecode.swift; path = AppDelegate.swift; sourceTree = "<group>"; };
		5C08121421E8B4FF00D64C12 /* ViewController.swift */ = {isa = PBXFileReference; lastKnownFileType = sourcecode.swift; path = ViewController.swift; sourceTree = "<group>"; };
		5C08121721E8B4FF00D64C12 /* Base */ = {isa = PBXFileReference; lastKnownFileType = file.storyboard; name = Base; path = Base.lproj/Main.storyboard; sourceTree = "<group>"; };
		5C08121921E8B50300D64C12 /* Assets.xcassets */ = {isa = PBXFileReference; lastKnownFileType = folder.assetcatalog; path = Assets.xcassets; sourceTree = "<group>"; };
		5C08121C21E8B50300D64C12 /* Base */ = {isa = PBXFileReference; lastKnownFileType = file.storyboard; name = Base; path = Base.lproj/LaunchScreen.storyboard; sourceTree = "<group>"; };
		5C08121E21E8B50300D64C12 /* Info.plist */ = {isa = PBXFileReference; lastKnownFileType = text.plist.xml; path = Info.plist; sourceTree = "<group>"; };
		5C08122321E8B50300D64C12 /* GitResetHardTestTests.xctest */ = {isa = PBXFileReference; explicitFileType = wrapper.cfbundle; includeInIndex = 0; path = GitResetHardTestTests.xctest; sourceTree = BUILT_PRODUCTS_DIR; };
		5C08122721E8B50300D64C12 /* GitResetHardTestTests.swift */ = {isa = PBXFileReference; lastKnownFileType = sourcecode.swift; path = GitResetHardTestTests.swift; sourceTree = "<group>"; };
		5C08122921E8B50300D64C12 /* Info.plist */ = {isa = PBXFileReference; lastKnownFileType = text.plist.xml; path = Info.plist; sourceTree = "<group>"; };
		5C08122E21E8B50300D64C12 /* GitResetHardTestUITests.xctest */ = {isa = PBXFileReference; explicitFileType = wrapper.cfbundle; includeInIndex = 0; path = GitResetHardTestUITests.xctest; sourceTree = BUILT_PRODUCTS_DIR; };
		5C08123221E8B50300D64C12 /* GitResetHardTestUITests.swift */ = {isa = PBXFileReference; lastKnownFileType = sourcecode.swift; path = GitResetHardTestUITests.swift; sourceTree = "<group>"; };
		5C08123421E8B50300D64C12 /* Info.plist */ = {isa = PBXFileReference; lastKnownFileType = text.plist.xml; path = Info.plist; sourceTree = "<group>"; };
/* End PBXFileReference section */

/* Begin PBXFrameworksBuildPhase section */
		5C08120C21E8B4FF00D64C12 /* Frameworks */ = {
			isa = PBXFrameworksBuildPhase;
			buildActionMask = 2147483647;
			files = (
			);
			runOnlyForDeploymentPostprocessing = 0;
		};
		5C08122021E8B50300D64C12 /* Frameworks */ = {
			isa = PBXFrameworksBuildPhase;
			buildActionMask = 2147483647;
			files = (
			);
			runOnlyForDeploymentPostprocessing = 0;
		};
		5C08122B21E8B50300D64C12 /* Frameworks */ = {
			isa = PBXFrameworksBuildPhase;
			buildActionMask = 2147483647;
			files = (
			);
			runOnlyForDeploymentPostprocessing = 0;
		};
/* End PBXFrameworksBuildPhase section */

/* Begin PBXGroup section */
		5C08120621E8B4FF00D64C12 = {
			isa = PBXGroup;
			children = (
				5C08121121E8B4FF00D64C12 /* GitResetHardTest */,
				5C08122621E8B50300D64C12 /* GitResetHardTestTests */,
				5C08123121E8B50300D64C12 /* GitResetHardTestUITests */,
				5C08121021E8B4FF00D64C12 /* Products */,
			);
			sourceTree = "<group>";
		};
		5C08121021E8B4FF00D64C12 /* Products */ = {
			isa = PBXGroup;
			children = (
				5C08120F21E8B4FF00D64C12 /* GitResetHardTest.app */,
				5C08122321E8B50300D64C12 /* GitResetHardTestTests.xctest */,
				5C08122E21E8B50300D64C12 /* GitResetHardTestUITests.xctest */,
			);
			name = Products;
			sourceTree = "<group>";
		};
		5C08121121E8B4FF00D64C12 /* GitResetHardTest */ = {
			isa = PBXGroup;
			children = (
				5C08121221E8B4FF00D64C12 /* AppDelegate.swift */,
				5C08121421E8B4FF00D64C12 /* ViewController.swift */,
				5C08121621E8B4FF00D64C12 /* Main.storyboard */,
				5C08121921E8B50300D64C12 /* Assets.xcassets */,
				5C08121B21E8B50300D64C12 /* LaunchScreen.storyboard */,
				5C08121E21E8B50300D64C12 /* Info.plist */,
			);
			path = GitResetHardTest;
			sourceTree = "<group>";
		};
		5C08122621E8B50300D64C12 /* GitResetHardTestTests */ = {
			isa = PBXGroup;
			children = (
				5C08122721E8B50300D64C12 /* GitResetHardTestTests.swift */,
				5C08122921E8B50300D64C12 /* Info.plist */,
			);
			path = GitResetHardTestTests;
			sourceTree = "<group>";
		};
		5C08123121E8B50300D64C12 /* GitResetHardTestUITests */ = {
			isa = PBXGroup;
			children = (
				5C08123221E8B50300D64C12 /* GitResetHardTestUITests.swift */,
				5C08123421E8B50300D64C12 /* Info.plist */,
			);
			path = GitResetHardTestUITests;
			sourceTree = "<group>";
		};
/* End PBXGroup section */

/* Begin PBXNativeTarget section */
		5C08120E21E8B4FF00D64C12 /* GitResetHardTest */ = {
			isa = PBXNativeTarget;
			buildConfigurationList = 5C08123721E8B50300D64C12 /* Build configuration list for PBXNativeTarget "GitResetHardTest" */;
			buildPhases = (
				5C08120B21E8B4FF00D64C12 /* Sources */,
				5C08120C21E8B4FF00D64C12 /* Frameworks */,
				5C08120D21E8B4FF00D64C12 /* Resources */,
			);
			buildRules = (
			);
			dependencies = (
			);
			name = GitResetHardTest;
			productName = GitResetHardTest;
			productReference = 5C08120F21E8B4FF00D64C12 /* GitResetHardTest.app */;
			productType = "com.apple.product-type.application";
		};
		5C08122221E8B50300D64C12 /* GitResetHardTestTests */ = {
			isa = PBXNativeTarget;
			buildConfigurationList = 5C08123A21E8B50300D64C12 /* Build configuration list for PBXNativeTarget "GitResetHardTestTests" */;
			buildPhases = (
				5C08121F21E8B50300D64C12 /* Sources */,
				5C08122021E8B50300D64C12 /* Frameworks */,
				5C08122121E8B50300D64C12 /* Resources */,
			);
			buildRules = (
			);
			dependencies = (
				5C08122521E8B50300D64C12 /* PBXTargetDependency */,
			);
			name = GitResetHardTestTests;
			productName = GitResetHardTestTests;
			productReference = 5C08122321E8B50300D64C12 /* GitResetHardTestTests.xctest */;
			productType = "com.apple.product-type.bundle.unit-test";
		};
		5C08122D21E8B50300D64C12 /* GitResetHardTestUITests */ = {
			isa = PBXNativeTarget;
			buildConfigurationList = 5C08123D21E8B50300D64C12 /* Build configuration list for PBXNativeTarget "GitResetHardTestUITests" */;
			buildPhases = (
				5C08122A21E8B50300D64C12 /* Sources */,
				5C08122B21E8B50300D64C12 /* Frameworks */,
				5C08122C21E8B50300D64C12 /* Resources */,
			);
			buildRules = (
			);
			dependencies = (
				5C08123021E8B50300D64C12 /* PBXTargetDependency */,
			);
			name = GitResetHardTestUITests;
			productName = GitResetHardTestUITests;
			productReference = 5C08122E21E8B50300D64C12 /* GitResetHardTestUITests.xctest */;
			productType = "com.apple.product-type.bundle.ui-testing";
		};
/* End PBXNativeTarget section */

/* Begin PBXProject section */
		5C08120721E8B4FF00D64C12 /* Project object */ = {
			isa = PBXProject;
			attributes = {
				LastSwiftUpdateCheck = 1010;
				LastUpgradeCheck = 1010;
				ORGANIZATIONNAME = "lekhnish jha";
				TargetAttributes = {
					5C08120E21E8B4FF00D64C12 = {
						CreatedOnToolsVersion = 10.1;
					};
					5C08122221E8B50300D64C12 = {
						CreatedOnToolsVersion = 10.1;
						TestTargetID = 5C08120E21E8B4FF00D64C12;
					};
					5C08122D21E8B50300D64C12 = {
						CreatedOnToolsVersion = 10.1;
						TestTargetID = 5C08120E21E8B4FF00D64C12;
					};
				};
			};
			buildConfigurationList = 5C08120A21E8B4FF00D64C12 /* Build configuration list for PBXProject "GitResetHardTest" */;
			compatibilityVersion = "Xcode 9.3";
			developmentRegion = en;
			hasScannedForEncodings = 0;
			knownRegions = (
				en,
				Base,
			);
			mainGroup = 5C08120621E8B4FF00D64C12;
			productRefGroup = 5C08121021E8B4FF00D64C12 /* Products */;
			projectDirPath = "";
			projectRoot = "";
			targets = (
				5C08120E21E8B4FF00D64C12 /* GitResetHardTest */,
				5C08122221E8B50300D64C12 /* GitResetHardTestTests */,
				5C08122D21E8B50300D64C12 /* GitResetHardTestUITests */,
			);
		};
/* End PBXProject section */

/* Begin PBXResourcesBuildPhase section */
		5C08120D21E8B4FF00D64C12 /* Resources */ = {
			isa = PBXResourcesBuildPhase;
			buildActionMask = 2147483647;
			files = (
				5C08121D21E8B50300D64C12 /* LaunchScreen.storyboard in Resources */,
				5C08121A21E8B50300D64C12 /* Assets.xcassets in Resources */,
				5C08121821E8B4FF00D64C12 /* Main.storyboard in Resources */,
			);
			runOnlyForDeploymentPostprocessing = 0;
		};
		5C08122121E8B50300D64C12 /* Resources */ = {
			isa = PBXResourcesBuildPhase;
			buildActionMask = 2147483647;
			files = (
			);
			runOnlyForDeploymentPostprocessing = 0;
		};
		5C08122C21E8B50300D64C12 /* Resources */ = {
			isa = PBXResourcesBuildPhase;
			buildActionMask = 2147483647;
			files = (
			);
			runOnlyForDeploymentPostprocessing = 0;
		};
/* End PBXResourcesBuildPhase section */

/* Begin PBXSourcesBuildPhase section */
		5C08120B21E8B4FF00D64C12 /* Sources */ = {
			isa = PBXSourcesBuildPhase;
			buildActionMask = 2147483647;
			files = (
				5C08121521E8B4FF00D64C12 /* ViewController.swift in Sources */,
				5C08121321E8B4FF00D64C12 /* AppDelegate.swift in Sources */,
			);
			runOnlyForDeploymentPostprocessing = 0;
		};
		5C08121F21E8B50300D64C12 /* Sources */ = {
			isa = PBXSourcesBuildPhase;
			buildActionMask = 2147483647;
			files = (
				5C08122821E8B50300D64C12 /* GitResetHardTestTests.swift in Sources */,
			);
			runOnlyForDeploymentPostprocessing = 0;
		};
		5C08122A21E8B50300D64C12 /* Sources */ = {
			isa = PBXSourcesBuildPhase;
			buildActionMask = 2147483647;
			files = (
				5C08123321E8B50300D64C12 /* GitResetHardTestUITests.swift in Sources */,
			);
			runOnlyForDeploymentPostprocessing = 0;
		};
/* End PBXSourcesBuildPhase section */

/* Begin PBXTargetDependency section */
		5C08122521E8B50300D64C12 /* PBXTargetDependency */ = {
			isa = PBXTargetDependency;
			target = 5C08120E21E8B4FF00D64C12 /* GitResetHardTest */;
			targetProxy = 5C08122421E8B50300D64C12 /* PBXContainerItemProxy */;
		};
		5C08123021E8B50300D64C12 /* PBXTargetDependency */ = {
			isa = PBXTargetDependency;
			target = 5C08120E21E8B4FF00D64C12 /* GitResetHardTest */;
			targetProxy = 5C08122F21E8B50300D64C12 /* PBXContainerItemProxy */;
		};
/* End PBXTargetDependency section */

/* Begin PBXVariantGroup section */
		5C08121621E8B4FF00D64C12 /* Main.storyboard */ = {
			isa = PBXVariantGroup;
			children = (
				5C08121721E8B4FF00D64C12 /* Base */,
			);
			name = Main.storyboard;
			sourceTree = "<group>";
		};
		5C08121B21E8B50300D64C12 /* LaunchScreen.storyboard */ = {
			isa = PBXVariantGroup;
			children = (
				5C08121C21E8B50300D64C12 /* Base */,
			);
			name = LaunchScreen.storyboard;
			sourceTree = "<group>";
		};
/* End PBXVariantGroup section */

/* Begin XCBuildConfiguration section */
		5C08123521E8B50300D64C12 /* Debug */ = {
			isa = XCBuildConfiguration;
			buildSettings = {
				ALWAYS_SEARCH_USER_PATHS = NO;
				CLANG_ANALYZER_NONNULL = YES;
				CLANG_ANALYZER_NUMBER_OBJECT_CONVERSION = YES_AGGRESSIVE;
				CLANG_CXX_LANGUAGE_STANDARD = "gnu++14";
				CLANG_CXX_LIBRARY = "libc++";
				CLANG_ENABLE_MODULES = YES;
				CLANG_ENABLE_OBJC_ARC = YES;
				CLANG_ENABLE_OBJC_WEAK = YES;
				CLANG_WARN_BLOCK_CAPTURE_AUTORELEASING = YES;
				CLANG_WARN_BOOL_CONVERSION = YES;
				CLANG_WARN_COMMA = YES;
				CLANG_WARN_CONSTANT_CONVERSION = YES;
				CLANG_WARN_DEPRECATED_OBJC_IMPLEMENTATIONS = YES;
				CLANG_WARN_DIRECT_OBJC_ISA_USAGE = YES_ERROR;
				CLANG_WARN_DOCUMENTATION_COMMENTS = YES;
				CLANG_WARN_EMPTY_BODY = YES;
				CLANG_WARN_ENUM_CONVERSION = YES;
				CLANG_WARN_INFINITE_RECURSION = YES;
				CLANG_WARN_INT_CONVERSION = YES;
				CLANG_WARN_NON_LITERAL_NULL_CONVERSION = YES;
				CLANG_WARN_OBJC_IMPLICIT_RETAIN_SELF = YES;
				CLANG_WARN_OBJC_LITERAL_CONVERSION = YES;
				CLANG_WARN_OBJC_ROOT_CLASS = YES_ERROR;
				CLANG_WARN_RANGE_LOOP_ANALYSIS = YES;
				CLANG_WARN_STRICT_PROTOTYPES = YES;
				CLANG_WARN_SUSPICIOUS_MOVE = YES;
				CLANG_WARN_UNGUARDED_AVAILABILITY = YES_AGGRESSIVE;
				CLANG_WARN_UNREACHABLE_CODE = YES;
				CLANG_WARN__DUPLICATE_METHOD_MATCH = YES;
				CODE_SIGN_IDENTITY = "iPhone Developer";
				COPY_PHASE_STRIP = NO;
				DEBUG_INFORMATION_FORMAT = dwarf;
				ENABLE_STRICT_OBJC_MSGSEND = YES;
				ENABLE_TESTABILITY = YES;
				GCC_C_LANGUAGE_STANDARD = gnu11;
				GCC_DYNAMIC_NO_PIC = NO;
				GCC_NO_COMMON_BLOCKS = YES;
				GCC_OPTIMIZATION_LEVEL = 0;
				GCC_PREPROCESSOR_DEFINITIONS = (
					"DEBUG=1",
					"$(inherited)",
				);
				GCC_WARN_64_TO_32_BIT_CONVERSION = YES;
				GCC_WARN_ABOUT_RETURN_TYPE = YES_ERROR;
				GCC_WARN_UNDECLARED_SELECTOR = YES;
				GCC_WARN_UNINITIALIZED_AUTOS = YES_AGGRESSIVE;
				GCC_WARN_UNUSED_FUNCTION = YES;
				GCC_WARN_UNUSED_VARIABLE = YES;
				IPHONEOS_DEPLOYMENT_TARGET = 12.1;
				MTL_ENABLE_DEBUG_INFO = INCLUDE_SOURCE;
				MTL_FAST_MATH = YES;
				ONLY_ACTIVE_ARCH = YES;
				SDKROOT = iphoneos;
				SWIFT_ACTIVE_COMPILATION_CONDITIONS = DEBUG;
				SWIFT_OPTIMIZATION_LEVEL = "-Onone";
			};
			name = Debug;
		};
		5C08123621E8B50300D64C12 /* Release */ = {
			isa = XCBuildConfiguration;
			buildSettings = {
				ALWAYS_SEARCH_USER_PATHS = NO;
				CLANG_ANALYZER_NONNULL = YES;
				CLANG_ANALYZER_NUMBER_OBJECT_CONVERSION = YES_AGGRESSIVE;
				CLANG_CXX_LANGUAGE_STANDARD = "gnu++14";
				CLANG_CXX_LIBRARY = "libc++";
				CLANG_ENABLE_MODULES = YES;
				CLANG_ENABLE_OBJC_ARC = YES;
				CLANG_ENABLE_OBJC_WEAK = YES;
				CLANG_WARN_BLOCK_CAPTURE_AUTORELEASING = YES;
				CLANG_WARN_BOOL_CONVERSION = YES;
				CLANG_WARN_COMMA = YES;
				CLANG_WARN_CONSTANT_CONVERSION = YES;
				CLANG_WARN_DEPRECATED_OBJC_IMPLEMENTATIONS = YES;
				CLANG_WARN_DIRECT_OBJC_ISA_USAGE = YES_ERROR;
				CLANG_WARN_DOCUMENTATION_COMMENTS = YES;
				CLANG_WARN_EMPTY_BODY = YES;
				CLANG_WARN_ENUM_CONVERSION = YES;
				CLANG_WARN_INFINITE_RECURSION = YES;
				CLANG_WARN_INT_CONVERSION = YES;
				CLANG_WARN_NON_LITERAL_NULL_CONVERSION = YES;
				CLANG_WARN_OBJC_IMPLICIT_RETAIN_SELF = YES;
				CLANG_WARN_OBJC_LITERAL_CONVERSION = YES;
				CLANG_WARN_OBJC_ROOT_CLASS = YES_ERROR;
				CLANG_WARN_RANGE_LOOP_ANALYSIS = YES;
				CLANG_WARN_STRICT_PROTOTYPES = YES;
				CLANG_WARN_SUSPICIOUS_MOVE = YES;
				CLANG_WARN_UNGUARDED_AVAILABILITY = YES_AGGRESSIVE;
				CLANG_WARN_UNREACHABLE_CODE = YES;
				CLANG_WARN__DUPLICATE_METHOD_MATCH = YES;
				CODE_SIGN_IDENTITY = "iPhone Developer";
				COPY_PHASE_STRIP = NO;
				DEBUG_INFORMATION_FORMAT = "dwarf-with-dsym";
				ENABLE_NS_ASSERTIONS = NO;
				ENABLE_STRICT_OBJC_MSGSEND = YES;
				GCC_C_LANGUAGE_STANDARD = gnu11;
				GCC_NO_COMMON_BLOCKS = YES;
				GCC_WARN_64_TO_32_BIT_CONVERSION = YES;
				GCC_WARN_ABOUT_RETURN_TYPE = YES_ERROR;
				GCC_WARN_UNDECLARED_SELECTOR = YES;
				GCC_WARN_UNINITIALIZED_AUTOS = YES_AGGRESSIVE;
				GCC_WARN_UNUSED_FUNCTION = YES;
				GCC_WARN_UNUSED_VARIABLE = YES;
				IPHONEOS_DEPLOYMENT_TARGET = 12.1;
				MTL_ENABLE_DEBUG_INFO = NO;
				MTL_FAST_MATH = YES;
				SDKROOT = iphoneos;
				SWIFT_COMPILATION_MODE = wholemodule;
				SWIFT_OPTIMIZATION_LEVEL = "-O";
				VALIDATE_PRODUCT = YES;
			};
			name = Release;
		};
		5C08123821E8B50300D64C12 /* Debug */ = {
			isa = XCBuildConfiguration;
			buildSettings = {
				ASSETCATALOG_COMPILER_APPICON_NAME = AppIcon;
				CODE_SIGN_STYLE = Automatic;
				DEVELOPMENT_TEAM = MFSR2E6RYH;
				INFOPLIST_FILE = GitResetHardTest/Info.plist;
				LD_RUNPATH_SEARCH_PATHS = (
					"$(inherited)",
					"@executable_path/Frameworks",
				);
				PRODUCT_BUNDLE_IDENTIFIER = com.lekh.Rx.GitResetHardTest;
				PRODUCT_NAME = "$(TARGET_NAME)";
				SWIFT_VERSION = 4.2;
				TARGETED_DEVICE_FAMILY = "1,2";
			};
			name = Debug;
		};
		5C08123921E8B50300D64C12 /* Release */ = {
			isa = XCBuildConfiguration;
			buildSettings = {
				ASSETCATALOG_COMPILER_APPICON_NAME = AppIcon;
				CODE_SIGN_STYLE = Automatic;
				DEVELOPMENT_TEAM = MFSR2E6RYH;
				INFOPLIST_FILE = GitResetHardTest/Info.plist;
				LD_RUNPATH_SEARCH_PATHS = (
					"$(inherited)",
					"@executable_path/Frameworks",
				);
				PRODUCT_BUNDLE_IDENTIFIER = com.lekh.Rx.GitResetHardTest;
				PRODUCT_NAME = "$(TARGET_NAME)";
				SWIFT_VERSION = 4.2;
				TARGETED_DEVICE_FAMILY = "1,2";
			};
			name = Release;
		};
		5C08123B21E8B50300D64C12 /* Debug */ = {
			isa = XCBuildConfiguration;
			buildSettings = {
				ALWAYS_EMBED_SWIFT_STANDARD_LIBRARIES = YES;
				BUNDLE_LOADER = "$(TEST_HOST)";
				CODE_SIGN_STYLE = Automatic;
				DEVELOPMENT_TEAM = MFSR2E6RYH;
				INFOPLIST_FILE = GitResetHardTestTests/Info.plist;
				LD_RUNPATH_SEARCH_PATHS = (
					"$(inherited)",
					"@executable_path/Frameworks",
					"@loader_path/Frameworks",
				);
				PRODUCT_BUNDLE_IDENTIFIER = com.lekh.Rx.GitResetHardTestTests;
				PRODUCT_NAME = "$(TARGET_NAME)";
				SWIFT_VERSION = 4.2;
				TARGETED_DEVICE_FAMILY = "1,2";
				TEST_HOST = "$(BUILT_PRODUCTS_DIR)/GitResetHardTest.app/GitResetHardTest";
			};
			name = Debug;
		};
		5C08123C21E8B50300D64C12 /* Release */ = {
			isa = XCBuildConfiguration;
			buildSettings = {
				ALWAYS_EMBED_SWIFT_STANDARD_LIBRARIES = YES;
				BUNDLE_LOADER = "$(TEST_HOST)";
				CODE_SIGN_STYLE = Automatic;
				DEVELOPMENT_TEAM = MFSR2E6RYH;
				INFOPLIST_FILE = GitResetHardTestTests/Info.plist;
				LD_RUNPATH_SEARCH_PATHS = (
					"$(inherited)",
					"@executable_path/Frameworks",
					"@loader_path/Frameworks",
				);
				PRODUCT_BUNDLE_IDENTIFIER = com.lekh.Rx.GitResetHardTestTests;
				PRODUCT_NAME = "$(TARGET_NAME)";
				SWIFT_VERSION = 4.2;
				TARGETED_DEVICE_FAMILY = "1,2";
				TEST_HOST = "$(BUILT_PRODUCTS_DIR)/GitResetHardTest.app/GitResetHardTest";
			};
			name = Release;
		};
		5C08123E21E8B50300D64C12 /* Debug */ = {
			isa = XCBuildConfiguration;
			buildSettings = {
				ALWAYS_EMBED_SWIFT_STANDARD_LIBRARIES = YES;
				CODE_SIGN_STYLE = Automatic;
				DEVELOPMENT_TEAM = MFSR2E6RYH;
				INFOPLIST_FILE = GitResetHardTestUITests/Info.plist;
				LD_RUNPATH_SEARCH_PATHS = (
					"$(inherited)",
					"@executable_path/Frameworks",
					"@loader_path/Frameworks",
				);
				PRODUCT_BUNDLE_IDENTIFIER = com.lekh.Rx.GitResetHardTestUITests;
				PRODUCT_NAME = "$(TARGET_NAME)";
				SWIFT_VERSION = 4.2;
				TARGETED_DEVICE_FAMILY = "1,2";
				TEST_TARGET_NAME = GitResetHardTest;
			};
			name = Debug;
		};
		5C08123F21E8B50300D64C12 /* Release */ = {
			isa = XCBuildConfiguration;
			buildSettings = {
				ALWAYS_EMBED_SWIFT_STANDARD_LIBRARIES = YES;
				CODE_SIGN_STYLE = Automatic;
				DEVELOPMENT_TEAM = MFSR2E6RYH;
				INFOPLIST_FILE = GitResetHardTestUITests/Info.plist;
				LD_RUNPATH_SEARCH_PATHS = (
					"$(inherited)",
					"@executable_path/Frameworks",
					"@loader_path/Frameworks",
				);
				PRODUCT_BUNDLE_IDENTIFIER = com.lekh.Rx.GitResetHardTestUITests;
				PRODUCT_NAME = "$(TARGET_NAME)";
				SWIFT_VERSION = 4.2;
				TARGETED_DEVICE_FAMILY = "1,2";
				TEST_TARGET_NAME = GitResetHardTest;
			};
			name = Release;
		};
/* End XCBuildConfiguration section */

/* Begin XCConfigurationList section */
		5C08120A21E8B4FF00D64C12 /* Build configuration list for PBXProject "GitResetHardTest" */ = {
			isa = XCConfigurationList;
			buildConfigurations = (
				5C08123521E8B50300D64C12 /* Debug */,
				5C08123621E8B50300D64C12 /* Release */,
			);
			defaultConfigurationIsVisible = 0;
			defaultConfigurationName = Release;
		};
		5C08123721E8B50300D64C12 /* Build configuration list for PBXNativeTarget "GitResetHardTest" */ = {
			isa = XCConfigurationList;
			buildConfigurations = (
				5C08123821E8B50300D64C12 /* Debug */,
				5C08123921E8B50300D64C12 /* Release */,
			);
			defaultConfigurationIsVisible = 0;
			defaultConfigurationName = Release;
		};
		5C08123A21E8B50300D64C12 /* Build configuration list for PBXNativeTarget "GitResetHardTestTests" */ = {
			isa = XCConfigurationList;
			buildConfigurations = (
				5C08123B21E8B50300D64C12 /* Debug */,
				5C08123C21E8B50300D64C12 /* Release */,
			);
			defaultConfigurationIsVisible = 0;
			defaultConfigurationName = Release;
		};
		5C08123D21E8B50300D64C12 /* Build configuration list for PBXNativeTarget "GitResetHardTestUITests" */ = {
			isa = XCConfigurationList;
			buildConfigurations = (
				5C08123E21E8B50300D64C12 /* Debug */,
				5C08123F21E8B50300D64C12 /* Release */,
			);
			defaultConfigurationIsVisible = 0;
			defaultConfigurationName = Release;
		};
/* End XCConfigurationList section */
	};
	rootObject = 5C08120721E8B4FF00D64C12 /* Project object */;
}
